{
  "originHash" : "312514277c6811accd99ec4a5cdbd79045afb2f2c63dd82d9bb89c7e8c27a299",
  "pins" : [
    {
      "identity" : "colorthiefswift",
      "kind" : "remoteSourceControl",
      "location" : "https://github.com/yamoridon/ColorThiefSwift",
      "state" : {
        "revision" : "ac04a95acca965f8030a01293c31621b2a812c39",
        "version" : "0.5.0"
      }
    },
    {
      "identity" : "feedkit",
      "kind" : "remoteSourceControl",
      "location" : "https://github.com/nmdias/FeedKit",
      "state" : {
        "revision" : "68493a33d862c33c9a9f67ec729b3b7df1b20ade",
        "version" : "9.1.2"
      }
    },
    {
      "identity" : "infinitecarousel",
      "kind" : "remoteSourceControl",
      "location" : "https://github.com/ElyesDer/InfiniteCarousel.git",
      "state" : {
        "branch" : "main",
        "revision" : "3aef6aae2a7836f71e67634810530c0fc0c0cf59"
      }
    },
    {
      "identity" : "kingfisher",
      "kind" : "remoteSourceControl",
      "location" : "https://github.com/onevcat/Kingfisher.git",
      "state" : {
        "revision" : "7deda23bbdca612076c5c315003d8638a08ed0f1",
        "version" : "8.3.2"
      }
    },
    {
      "identity" : "swiftsoup",
      "kind" : "remoteSourceControl",
      "location" : "https://github.com/scinfu/SwiftSoup.git",
      "state" : {
        "revision" : "bba848db50462894e7fc0891d018dfecad4ef11e",
        "version" : "2.8.7"
      }
    },
    {
      "identity" : "swiftui-introspect",
      "kind" : "remoteSourceControl",
      "location" : "https://github.com/siteline/swiftui-introspect",
      "state" : {
        "revision" : "807f73ce09a9b9723f12385e592b4e0aaebd3336",
        "version" : "1.3.0"
      }
    }
  ],
  "version" : 3
}
