// !$*UTF8*$!
{
	archiveVersion = 1;
	classes = {
	};
	objectVersion = 77;
	objects = {

/* Begin PBXBuildFile section */
		233607BB2E047BA300C405CE /* Lottie in Frameworks */ = {isa = PBXBuildFile; productRef = 233607BA2E047BA300C405CE /* Lottie */; };
		2351F7442DC184B1007BE99C /* RiveRuntime in Frameworks */ = {isa = PBXBuildFile; productRef = 2351F7432DC184B1007BE99C /* RiveRuntime */; };
		2354DD302DA88952007348BC /* ColorThiefSwift in Frameworks */ = {isa = PBXBuildFile; productRef = 2354DD2F2DA88952007348BC /* ColorThiefSwift */; };
		2354DD332DA8895E007348BC /* SwiftSoup in Frameworks */ = {isa = PBXBuildFile; productRef = 2354DD322DA8895E007348BC /* SwiftSoup */; };
		2354DD362DA88968007348BC /* Kingfisher in Frameworks */ = {isa = PBXBuildFile; productRef = 2354DD352DA88968007348BC /* Kingfisher */; };
		2354DD3C2DA889BA007348BC /* FeedKit in Frameworks */ = {isa = PBXBuildFile; productRef = 2354DD3B2DA889BA007348BC /* FeedKit */; };
		2390AC012DE8C7C100487751 /* SmoothGradient in Frameworks */ = {isa = PBXBuildFile; productRef = 2390AC002DE8C7C100487751 /* SmoothGradient */; };
		239EFB8D2DE2607A0036D6F3 /* FirebaseMessaging in Frameworks */ = {isa = PBXBuildFile; productRef = 239EFB8C2DE2607A0036D6F3 /* FirebaseMessaging */; };
		239EFB942DE26AE20036D6F3 /* FirebaseFunctions in Frameworks */ = {isa = PBXBuildFile; productRef = 239EFB932DE26AE20036D6F3 /* FirebaseFunctions */; };
		239EFBA02DE285950036D6F3 /* NotificationServiceExtension.appex in Embed Foundation Extensions */ = {isa = PBXBuildFile; fileRef = 239EFB992DE285950036D6F3 /* NotificationServiceExtension.appex */; settings = {ATTRIBUTES = (RemoveHeadersOnCopy, ); }; };
		239EFDEF2DE2D4340036D6F3 /* FirebaseMessaging in Frameworks */ = {isa = PBXBuildFile; productRef = 239EFDEE2DE2D4340036D6F3 /* FirebaseMessaging */; };
/* End PBXBuildFile section */

/* Begin PBXContainerItemProxy section */
		23599E412D9B895D00F2DE3B /* PBXContainerItemProxy */ = {
			isa = PBXContainerItemProxy;
			containerPortal = 23599E232D9B895C00F2DE3B /* Project object */;
			proxyType = 1;
			remoteGlobalIDString = 23599E2A2D9B895C00F2DE3B;
			remoteInfo = PeapodApp;
		};
		23599E4B2D9B895D00F2DE3B /* PBXContainerItemProxy */ = {
			isa = PBXContainerItemProxy;
			containerPortal = 23599E232D9B895C00F2DE3B /* Project object */;
			proxyType = 1;
			remoteGlobalIDString = 23599E2A2D9B895C00F2DE3B;
			remoteInfo = PeapodApp;
		};
		239EFB9E2DE285950036D6F3 /* PBXContainerItemProxy */ = {
			isa = PBXContainerItemProxy;
			containerPortal = 23599E232D9B895C00F2DE3B /* Project object */;
			proxyType = 1;
			remoteGlobalIDString = 239EFB982DE285950036D6F3;
			remoteInfo = NotificationServiceExtension;
		};
/* End PBXContainerItemProxy section */

/* Begin PBXCopyFilesBuildPhase section */
		239EFBA52DE285950036D6F3 /* Embed Foundation Extensions */ = {
			isa = PBXCopyFilesBuildPhase;
			buildActionMask = 2147483647;
			dstPath = "";
			dstSubfolderSpec = 13;
			files = (
				239EFBA02DE285950036D6F3 /* NotificationServiceExtension.appex in Embed Foundation Extensions */,
			);
			name = "Embed Foundation Extensions";
			runOnlyForDeploymentPostprocessing = 0;
		};
/* End PBXCopyFilesBuildPhase section */

/* Begin PBXFileReference section */
		23599E2B2D9B895C00F2DE3B /* PeapodApp.app */ = {isa = PBXFileReference; explicitFileType = wrapper.application; includeInIndex = 0; path = PeapodApp.app; sourceTree = BUILT_PRODUCTS_DIR; };
		23599E402D9B895D00F2DE3B /* PeapodAppTests.xctest */ = {isa = PBXFileReference; explicitFileType = wrapper.cfbundle; includeInIndex = 0; path = PeapodAppTests.xctest; sourceTree = BUILT_PRODUCTS_DIR; };
		23599E4A2D9B895D00F2DE3B /* PeapodAppUITests.xctest */ = {isa = PBXFileReference; explicitFileType = wrapper.cfbundle; includeInIndex = 0; path = PeapodAppUITests.xctest; sourceTree = BUILT_PRODUCTS_DIR; };
		239EFB992DE285950036D6F3 /* NotificationServiceExtension.appex */ = {isa = PBXFileReference; explicitFileType = "wrapper.app-extension"; includeInIndex = 0; path = NotificationServiceExtension.appex; sourceTree = BUILT_PRODUCTS_DIR; };
/* End PBXFileReference section */

/* Begin PBXFileSystemSynchronizedBuildFileExceptionSet section */
		239EFBA42DE285950036D6F3 /* Exceptions for "NotificationServiceExtension" folder in "NotificationServiceExtension" target */ = {
			isa = PBXFileSystemSynchronizedBuildFileExceptionSet;
			membershipExceptions = (
				Info.plist,
			);
			target = 239EFB982DE285950036D6F3 /* NotificationServiceExtension */;
		};
		239EFDF12DE2D4500036D6F3 /* Exceptions for "PeapodApp" folder in "NotificationServiceExtension" target */ = {
			isa = PBXFileSystemSynchronizedBuildFileExceptionSet;
			membershipExceptions = (
				API/Firebase/FirebaseConfig.swift,
				"GoogleService-Info-Debug.plist",
				"GoogleService-Info-Release.plist",
			);
			target = 239EFB982DE285950036D6F3 /* NotificationServiceExtension */;
		};
		23A314BB2DA5D41300519189 /* Exceptions for "PeapodApp" folder in "PeapodApp" target */ = {
			isa = PBXFileSystemSynchronizedBuildFileExceptionSet;
			membershipExceptions = (
				Info.plist,
			);
			target = 23599E2A2D9B895C00F2DE3B /* PeapodApp */;
		};
/* End PBXFileSystemSynchronizedBuildFileExceptionSet section */

/* Begin PBXFileSystemSynchronizedRootGroup section */
		23599E2D2D9B895C00F2DE3B /* PeapodApp */ = {
			isa = PBXFileSystemSynchronizedRootGroup;
			exceptions = (
				23A314BB2DA5D41300519189 /* Exceptions for "PeapodApp" folder in "PeapodApp" target */,
				239EFDF12DE2D4500036D6F3 /* Exceptions for "PeapodApp" folder in "NotificationServiceExtension" target */,
			);
			path = PeapodApp;
			sourceTree = "<group>";
		};
		23599E432D9B895D00F2DE3B /* PeapodAppTests */ = {
			isa = PBXFileSystemSynchronizedRootGroup;
			path = PeapodAppTests;
			sourceTree = "<group>";
		};
		23599E4D2D9B895D00F2DE3B /* PeapodAppUITests */ = {
			isa = PBXFileSystemSynchronizedRootGroup;
			path = PeapodAppUITests;
			sourceTree = "<group>";
		};
		239EFB9A2DE285950036D6F3 /* NotificationServiceExtension */ = {
			isa = PBXFileSystemSynchronizedRootGroup;
			exceptions = (
				239EFBA42DE285950036D6F3 /* Exceptions for "NotificationServiceExtension" folder in "NotificationServiceExtension" target */,
			);
			path = NotificationServiceExtension;
			sourceTree = "<group>";
		};
/* End PBXFileSystemSynchronizedRootGroup section */

/* Begin PBXFrameworksBuildPhase section */
		23599E282D9B895C00F2DE3B /* Frameworks */ = {
			isa = PBXFrameworksBuildPhase;
			buildActionMask = 2147483647;
			files = (
				239EFB8D2DE2607A0036D6F3 /* FirebaseMessaging in Frameworks */,
				239EFB942DE26AE20036D6F3 /* FirebaseFunctions in Frameworks */,
				233607BB2E047BA300C405CE /* Lottie in Frameworks */,
				2354DD362DA88968007348BC /* Kingfisher in Frameworks */,
				2354DD302DA88952007348BC /* ColorThiefSwift in Frameworks */,
				2354DD332DA8895E007348BC /* SwiftSoup in Frameworks */,
				2354DD3C2DA889BA007348BC /* FeedKit in Frameworks */,
				2390AC012DE8C7C100487751 /* SmoothGradient in Frameworks */,
				2351F7442DC184B1007BE99C /* RiveRuntime in Frameworks */,
			);
			runOnlyForDeploymentPostprocessing = 0;
		};
		23599E3D2D9B895D00F2DE3B /* Frameworks */ = {
			isa = PBXFrameworksBuildPhase;
			buildActionMask = 2147483647;
			files = (
			);
			runOnlyForDeploymentPostprocessing = 0;
		};
		23599E472D9B895D00F2DE3B /* Frameworks */ = {
			isa = PBXFrameworksBuildPhase;
			buildActionMask = 2147483647;
			files = (
			);
			runOnlyForDeploymentPostprocessing = 0;
		};
		239EFB962DE285950036D6F3 /* Frameworks */ = {
			isa = PBXFrameworksBuildPhase;
			buildActionMask = 2147483647;
			files = (
				239EFDEF2DE2D4340036D6F3 /* FirebaseMessaging in Frameworks */,
			);
			runOnlyForDeploymentPostprocessing = 0;
		};
/* End PBXFrameworksBuildPhase section */

/* Begin PBXGroup section */
		23599E222D9B895C00F2DE3B = {
			isa = PBXGroup;
			children = (
				23599E2D2D9B895C00F2DE3B /* PeapodApp */,
				23599E432D9B895D00F2DE3B /* PeapodAppTests */,
				23599E4D2D9B895D00F2DE3B /* PeapodAppUITests */,
				239EFB9A2DE285950036D6F3 /* NotificationServiceExtension */,
				239EFDED2DE2D4340036D6F3 /* Frameworks */,
				23599E2C2D9B895C00F2DE3B /* Products */,
			);
			sourceTree = "<group>";
		};
		23599E2C2D9B895C00F2DE3B /* Products */ = {
			isa = PBXGroup;
			children = (
				23599E2B2D9B895C00F2DE3B /* PeapodApp.app */,
				23599E402D9B895D00F2DE3B /* PeapodAppTests.xctest */,
				23599E4A2D9B895D00F2DE3B /* PeapodAppUITests.xctest */,
				239EFB992DE285950036D6F3 /* NotificationServiceExtension.appex */,
			);
			name = Products;
			sourceTree = "<group>";
		};
		239EFDED2DE2D4340036D6F3 /* Frameworks */ = {
			isa = PBXGroup;
			children = (
			);
			name = Frameworks;
			sourceTree = "<group>";
		};
/* End PBXGroup section */

/* Begin PBXNativeTarget section */
		23599E2A2D9B895C00F2DE3B /* PeapodApp */ = {
			isa = PBXNativeTarget;
			buildConfigurationList = 23599E542D9B895D00F2DE3B /* Build configuration list for PBXNativeTarget "PeapodApp" */;
			buildPhases = (
				23599E272D9B895C00F2DE3B /* Sources */,
				23599E282D9B895C00F2DE3B /* Frameworks */,
				23599E292D9B895C00F2DE3B /* Resources */,
				239EFBA52DE285950036D6F3 /* Embed Foundation Extensions */,
			);
			buildRules = (
			);
			dependencies = (
				239EFB9F2DE285950036D6F3 /* PBXTargetDependency */,
			);
			fileSystemSynchronizedGroups = (
				23599E2D2D9B895C00F2DE3B /* PeapodApp */,
			);
			name = PeapodApp;
			packageProductDependencies = (
				2354DD2F2DA88952007348BC /* ColorThiefSwift */,
				2354DD322DA8895E007348BC /* SwiftSoup */,
				2354DD352DA88968007348BC /* Kingfisher */,
				2354DD3B2DA889BA007348BC /* FeedKit */,
				2351F7432DC184B1007BE99C /* RiveRuntime */,
				239EFB8C2DE2607A0036D6F3 /* FirebaseMessaging */,
				239EFB932DE26AE20036D6F3 /* FirebaseFunctions */,
				2390AC002DE8C7C100487751 /* SmoothGradient */,
				233607BA2E047BA300C405CE /* Lottie */,
			);
			productName = PeapodApp;
			productReference = 23599E2B2D9B895C00F2DE3B /* PeapodApp.app */;
			productType = "com.apple.product-type.application";
		};
		23599E3F2D9B895D00F2DE3B /* PeapodAppTests */ = {
			isa = PBXNativeTarget;
			buildConfigurationList = 23599E572D9B895D00F2DE3B /* Build configuration list for PBXNativeTarget "PeapodAppTests" */;
			buildPhases = (
				23599E3C2D9B895D00F2DE3B /* Sources */,
				23599E3D2D9B895D00F2DE3B /* Frameworks */,
				23599E3E2D9B895D00F2DE3B /* Resources */,
			);
			buildRules = (
			);
			dependencies = (
				23599E422D9B895D00F2DE3B /* PBXTargetDependency */,
			);
			fileSystemSynchronizedGroups = (
				23599E432D9B895D00F2DE3B /* PeapodAppTests */,
			);
			name = PeapodAppTests;
			packageProductDependencies = (
			);
			productName = PeapodAppTests;
			productReference = 23599E402D9B895D00F2DE3B /* PeapodAppTests.xctest */;
			productType = "com.apple.product-type.bundle.unit-test";
		};
		23599E492D9B895D00F2DE3B /* PeapodAppUITests */ = {
			isa = PBXNativeTarget;
			buildConfigurationList = 23599E5A2D9B895D00F2DE3B /* Build configuration list for PBXNativeTarget "PeapodAppUITests" */;
			buildPhases = (
				23599E462D9B895D00F2DE3B /* Sources */,
				23599E472D9B895D00F2DE3B /* Frameworks */,
				23599E482D9B895D00F2DE3B /* Resources */,
			);
			buildRules = (
			);
			dependencies = (
				23599E4C2D9B895D00F2DE3B /* PBXTargetDependency */,
			);
			fileSystemSynchronizedGroups = (
				23599E4D2D9B895D00F2DE3B /* PeapodAppUITests */,
			);
			name = PeapodAppUITests;
			packageProductDependencies = (
			);
			productName = PeapodAppUITests;
			productReference = 23599E4A2D9B895D00F2DE3B /* PeapodAppUITests.xctest */;
			productType = "com.apple.product-type.bundle.ui-testing";
		};
		239EFB982DE285950036D6F3 /* NotificationServiceExtension */ = {
			isa = PBXNativeTarget;
			buildConfigurationList = 239EFBA12DE285950036D6F3 /* Build configuration list for PBXNativeTarget "NotificationServiceExtension" */;
			buildPhases = (
				239EFB952DE285950036D6F3 /* Sources */,
				239EFB962DE285950036D6F3 /* Frameworks */,
				239EFB972DE285950036D6F3 /* Resources */,
			);
			buildRules = (
			);
			dependencies = (
			);
			fileSystemSynchronizedGroups = (
				239EFB9A2DE285950036D6F3 /* NotificationServiceExtension */,
			);
			name = NotificationServiceExtension;
			packageProductDependencies = (
				239EFDEE2DE2D4340036D6F3 /* FirebaseMessaging */,
			);
			productName = NotificationServiceExtension;
			productReference = 239EFB992DE285950036D6F3 /* NotificationServiceExtension.appex */;
			productType = "com.apple.product-type.app-extension";
		};
/* End PBXNativeTarget section */

/* Begin PBXProject section */
		23599E232D9B895C00F2DE3B /* Project object */ = {
			isa = PBXProject;
			attributes = {
				BuildIndependentTargetsInParallel = 1;
				LastSwiftUpdateCheck = 1630;
				LastUpgradeCheck = 1630;
				TargetAttributes = {
					23599E2A2D9B895C00F2DE3B = {
						CreatedOnToolsVersion = 16.2;
					};
					23599E3F2D9B895D00F2DE3B = {
						CreatedOnToolsVersion = 16.2;
						TestTargetID = 23599E2A2D9B895C00F2DE3B;
					};
					23599E492D9B895D00F2DE3B = {
						CreatedOnToolsVersion = 16.2;
						TestTargetID = 23599E2A2D9B895C00F2DE3B;
					};
					239EFB982DE285950036D6F3 = {
						CreatedOnToolsVersion = 16.3;
					};
				};
			};
			buildConfigurationList = 23599E262D9B895C00F2DE3B /* Build configuration list for PBXProject "PeapodApp" */;
			developmentRegion = en;
			hasScannedForEncodings = 0;
			knownRegions = (
				en,
				Base,
			);
			mainGroup = 23599E222D9B895C00F2DE3B;
			minimizedProjectReferenceProxies = 1;
			packageReferences = (
				2354DD2E2DA88952007348BC /* XCRemoteSwiftPackageReference "ColorThiefSwift" */,
				2354DD312DA8895E007348BC /* XCRemoteSwiftPackageReference "SwiftSoup" */,
				2354DD342DA88968007348BC /* XCRemoteSwiftPackageReference "Kingfisher" */,
				2354DD3A2DA889BA007348BC /* XCRemoteSwiftPackageReference "FeedKit" */,
				2351F7422DC184B1007BE99C /* XCRemoteSwiftPackageReference "rive-ios" */,
				239EFB8B2DE2607A0036D6F3 /* XCRemoteSwiftPackageReference "firebase-ios-sdk" */,
				2390ABFF2DE8C7C100487751 /* XCRemoteSwiftPackageReference "SmoothGradient" */,
				233607B92E047BA300C405CE /* XCRemoteSwiftPackageReference "lottie-spm" */,
			);
			preferredProjectObjectVersion = 77;
			productRefGroup = 23599E2C2D9B895C00F2DE3B /* Products */;
			projectDirPath = "";
			projectRoot = "";
			targets = (
				23599E2A2D9B895C00F2DE3B /* PeapodApp */,
				23599E3F2D9B895D00F2DE3B /* PeapodAppTests */,
				23599E492D9B895D00F2DE3B /* PeapodAppUITests */,
				239EFB982DE285950036D6F3 /* NotificationServiceExtension */,
			);
		};
/* End PBXProject section */

/* Begin PBXResourcesBuildPhase section */
		23599E292D9B895C00F2DE3B /* Resources */ = {
			isa = PBXResourcesBuildPhase;
			buildActionMask = 2147483647;
			files = (
			);
			runOnlyForDeploymentPostprocessing = 0;
		};
		23599E3E2D9B895D00F2DE3B /* Resources */ = {
			isa = PBXResourcesBuildPhase;
			buildActionMask = 2147483647;
			files = (
			);
			runOnlyForDeploymentPostprocessing = 0;
		};
		23599E482D9B895D00F2DE3B /* Resources */ = {
			isa = PBXResourcesBuildPhase;
			buildActionMask = 2147483647;
			files = (
			);
			runOnlyForDeploymentPostprocessing = 0;
		};
		239EFB972DE285950036D6F3 /* Resources */ = {
			isa = PBXResourcesBuildPhase;
			buildActionMask = 2147483647;
			files = (
			);
			runOnlyForDeploymentPostprocessing = 0;
		};
/* End PBXResourcesBuildPhase section */

/* Begin PBXSourcesBuildPhase section */
		23599E272D9B895C00F2DE3B /* Sources */ = {
			isa = PBXSourcesBuildPhase;
			buildActionMask = 2147483647;
			files = (
			);
			runOnlyForDeploymentPostprocessing = 0;
		};
		23599E3C2D9B895D00F2DE3B /* Sources */ = {
			isa = PBXSourcesBuildPhase;
			buildActionMask = 2147483647;
			files = (
			);
			runOnlyForDeploymentPostprocessing = 0;
		};
		23599E462D9B895D00F2DE3B /* Sources */ = {
			isa = PBXSourcesBuildPhase;
			buildActionMask = 2147483647;
			files = (
			);
			runOnlyForDeploymentPostprocessing = 0;
		};
		239EFB952DE285950036D6F3 /* Sources */ = {
			isa = PBXSourcesBuildPhase;
			buildActionMask = 2147483647;
			files = (
			);
			runOnlyForDeploymentPostprocessing = 0;
		};
/* End PBXSourcesBuildPhase section */

/* Begin PBXTargetDependency section */
		23599E422D9B895D00F2DE3B /* PBXTargetDependency */ = {
			isa = PBXTargetDependency;
			target = 23599E2A2D9B895C00F2DE3B /* PeapodApp */;
			targetProxy = 23599E412D9B895D00F2DE3B /* PBXContainerItemProxy */;
		};
		23599E4C2D9B895D00F2DE3B /* PBXTargetDependency */ = {
			isa = PBXTargetDependency;
			target = 23599E2A2D9B895C00F2DE3B /* PeapodApp */;
			targetProxy = 23599E4B2D9B895D00F2DE3B /* PBXContainerItemProxy */;
		};
		239EFB9F2DE285950036D6F3 /* PBXTargetDependency */ = {
			isa = PBXTargetDependency;
			target = 239EFB982DE285950036D6F3 /* NotificationServiceExtension */;
			targetProxy = 239EFB9E2DE285950036D6F3 /* PBXContainerItemProxy */;
		};
/* End PBXTargetDependency section */

/* Begin XCBuildConfiguration section */
		23599E522D9B895D00F2DE3B /* Debug */ = {
			isa = XCBuildConfiguration;
			buildSettings = {
				ALWAYS_SEARCH_USER_PATHS = NO;
				ASSETCATALOG_COMPILER_GENERATE_SWIFT_ASSET_SYMBOL_EXTENSIONS = YES;
				CLANG_ANALYZER_NONNULL = YES;
				CLANG_ANALYZER_NUMBER_OBJECT_CONVERSION = YES_AGGRESSIVE;
				CLANG_CXX_LANGUAGE_STANDARD = "gnu++20";
				CLANG_ENABLE_MODULES = YES;
				CLANG_ENABLE_OBJC_ARC = YES;
				CLANG_ENABLE_OBJC_WEAK = YES;
				CLANG_WARN_BLOCK_CAPTURE_AUTORELEASING = YES;
				CLANG_WARN_BOOL_CONVERSION = YES;
				CLANG_WARN_COMMA = YES;
				CLANG_WARN_CONSTANT_CONVERSION = YES;
				CLANG_WARN_DEPRECATED_OBJC_IMPLEMENTATIONS = YES;
				CLANG_WARN_DIRECT_OBJC_ISA_USAGE = YES_ERROR;
				CLANG_WARN_DOCUMENTATION_COMMENTS = YES;
				CLANG_WARN_EMPTY_BODY = YES;
				CLANG_WARN_ENUM_CONVERSION = YES;
				CLANG_WARN_INFINITE_RECURSION = YES;
				CLANG_WARN_INT_CONVERSION = YES;
				CLANG_WARN_NON_LITERAL_NULL_CONVERSION = YES;
				CLANG_WARN_OBJC_IMPLICIT_RETAIN_SELF = YES;
				CLANG_WARN_OBJC_LITERAL_CONVERSION = YES;
				CLANG_WARN_OBJC_ROOT_CLASS = YES_ERROR;
				CLANG_WARN_QUOTED_INCLUDE_IN_FRAMEWORK_HEADER = YES;
				CLANG_WARN_RANGE_LOOP_ANALYSIS = YES;
				CLANG_WARN_STRICT_PROTOTYPES = YES;
				CLANG_WARN_SUSPICIOUS_MOVE = YES;
				CLANG_WARN_UNGUARDED_AVAILABILITY = YES_AGGRESSIVE;
				CLANG_WARN_UNREACHABLE_CODE = YES;
				CLANG_WARN__DUPLICATE_METHOD_MATCH = YES;
				COPY_PHASE_STRIP = NO;
				DEBUG_INFORMATION_FORMAT = dwarf;
				DEVELOPMENT_TEAM = L562VTCZTN;
				ENABLE_STRICT_OBJC_MSGSEND = YES;
				ENABLE_TESTABILITY = YES;
				ENABLE_USER_SCRIPT_SANDBOXING = YES;
				GCC_C_LANGUAGE_STANDARD = gnu17;
				GCC_DYNAMIC_NO_PIC = NO;
				GCC_NO_COMMON_BLOCKS = YES;
				GCC_OPTIMIZATION_LEVEL = 0;
				GCC_PREPROCESSOR_DEFINITIONS = (
					"DEBUG=1",
					"$(inherited)",
				);
				GCC_WARN_64_TO_32_BIT_CONVERSION = YES;
				GCC_WARN_ABOUT_RETURN_TYPE = YES_ERROR;
				GCC_WARN_UNDECLARED_SELECTOR = YES;
				GCC_WARN_UNINITIALIZED_AUTOS = YES_AGGRESSIVE;
				GCC_WARN_UNUSED_FUNCTION = YES;
				GCC_WARN_UNUSED_VARIABLE = YES;
				IPHONEOS_DEPLOYMENT_TARGET = 18.2;
				LOCALIZATION_PREFERS_STRING_CATALOGS = YES;
				MTL_ENABLE_DEBUG_INFO = INCLUDE_SOURCE;
				MTL_FAST_MATH = YES;
				ONLY_ACTIVE_ARCH = YES;
				SDKROOT = iphoneos;
				SWIFT_ACTIVE_COMPILATION_CONDITIONS = "DEBUG $(inherited)";
				SWIFT_OPTIMIZATION_LEVEL = "-Onone";
			};
			name = Debug;
		};
		23599E532D9B895D00F2DE3B /* Release */ = {
			isa = XCBuildConfiguration;
			buildSettings = {
				ALWAYS_SEARCH_USER_PATHS = NO;
				ASSETCATALOG_COMPILER_GENERATE_SWIFT_ASSET_SYMBOL_EXTENSIONS = YES;
				CLANG_ANALYZER_NONNULL = YES;
				CLANG_ANALYZER_NUMBER_OBJECT_CONVERSION = YES_AGGRESSIVE;
				CLANG_CXX_LANGUAGE_STANDARD = "gnu++20";
				CLANG_ENABLE_MODULES = YES;
				CLANG_ENABLE_OBJC_ARC = YES;
				CLANG_ENABLE_OBJC_WEAK = YES;
				CLANG_WARN_BLOCK_CAPTURE_AUTORELEASING = YES;
				CLANG_WARN_BOOL_CONVERSION = YES;
				CLANG_WARN_COMMA = YES;
				CLANG_WARN_CONSTANT_CONVERSION = YES;
				CLANG_WARN_DEPRECATED_OBJC_IMPLEMENTATIONS = YES;
				CLANG_WARN_DIRECT_OBJC_ISA_USAGE = YES_ERROR;
				CLANG_WARN_DOCUMENTATION_COMMENTS = YES;
				CLANG_WARN_EMPTY_BODY = YES;
				CLANG_WARN_ENUM_CONVERSION = YES;
				CLANG_WARN_INFINITE_RECURSION = YES;
				CLANG_WARN_INT_CONVERSION = YES;
				CLANG_WARN_NON_LITERAL_NULL_CONVERSION = YES;
				CLANG_WARN_OBJC_IMPLICIT_RETAIN_SELF = YES;
				CLANG_WARN_OBJC_LITERAL_CONVERSION = YES;
				CLANG_WARN_OBJC_ROOT_CLASS = YES_ERROR;
				CLANG_WARN_QUOTED_INCLUDE_IN_FRAMEWORK_HEADER = YES;
				CLANG_WARN_RANGE_LOOP_ANALYSIS = YES;
				CLANG_WARN_STRICT_PROTOTYPES = YES;
				CLANG_WARN_SUSPICIOUS_MOVE = YES;
				CLANG_WARN_UNGUARDED_AVAILABILITY = YES_AGGRESSIVE;
				CLANG_WARN_UNREACHABLE_CODE = YES;
				CLANG_WARN__DUPLICATE_METHOD_MATCH = YES;
				COPY_PHASE_STRIP = NO;
				DEBUG_INFORMATION_FORMAT = "dwarf-with-dsym";
				DEVELOPMENT_TEAM = L562VTCZTN;
				ENABLE_NS_ASSERTIONS = NO;
				ENABLE_STRICT_OBJC_MSGSEND = YES;
				ENABLE_USER_SCRIPT_SANDBOXING = YES;
				GCC_C_LANGUAGE_STANDARD = gnu17;
				GCC_NO_COMMON_BLOCKS = YES;
				GCC_WARN_64_TO_32_BIT_CONVERSION = YES;
				GCC_WARN_ABOUT_RETURN_TYPE = YES_ERROR;
				GCC_WARN_UNDECLARED_SELECTOR = YES;
				GCC_WARN_UNINITIALIZED_AUTOS = YES_AGGRESSIVE;
				GCC_WARN_UNUSED_FUNCTION = YES;
				GCC_WARN_UNUSED_VARIABLE = YES;
				IPHONEOS_DEPLOYMENT_TARGET = 18.2;
				LOCALIZATION_PREFERS_STRING_CATALOGS = YES;
				MTL_ENABLE_DEBUG_INFO = NO;
				MTL_FAST_MATH = YES;
				SDKROOT = iphoneos;
				SWIFT_COMPILATION_MODE = wholemodule;
				VALIDATE_PRODUCT = YES;
			};
			name = Release;
		};
		23599E552D9B895D00F2DE3B /* Debug */ = {
			isa = XCBuildConfiguration;
			buildSettings = {
				ASSETCATALOG_COMPILER_APPICON_NAME = AppIcon;
				ASSETCATALOG_COMPILER_GLOBAL_ACCENT_COLOR_NAME = AccentColor;
				ASSETCATALOG_COMPILER_INCLUDE_ALL_APPICON_ASSETS = YES;
				CODE_SIGN_ENTITLEMENTS = PeapodApp/PeapodApp.entitlements;
				CODE_SIGN_IDENTITY = "Apple Development";
				CODE_SIGN_STYLE = Automatic;
				CURRENT_PROJECT_VERSION = 52;
				DEVELOPMENT_ASSET_PATHS = "\"PeapodApp/Preview Content\"";
				ENABLE_PREVIEWS = YES;
				GENERATE_INFOPLIST_FILE = YES;
				INFOPLIST_FILE = PeapodApp/Info.plist;
				INFOPLIST_KEY_CFBundleDisplayName = "Peapod Dev";
				INFOPLIST_KEY_LSApplicationCategoryType = "public.app-category.entertainment";
				INFOPLIST_KEY_UIApplicationSceneManifest_Generation = YES;
				INFOPLIST_KEY_UIApplicationSupportsIndirectInputEvents = YES;
				INFOPLIST_KEY_UILaunchScreen_Generation = YES;
				INFOPLIST_KEY_UILaunchStoryboardName = "Launch Screen";
				INFOPLIST_KEY_UISupportedInterfaceOrientations_iPad = "UIInterfaceOrientationPortrait UIInterfaceOrientationPortraitUpsideDown UIInterfaceOrientationLandscapeLeft UIInterfaceOrientationLandscapeRight";
				INFOPLIST_KEY_UISupportedInterfaceOrientations_iPhone = "UIInterfaceOrientationPortrait UIInterfaceOrientationLandscapeLeft UIInterfaceOrientationLandscapeRight";
				IPHONEOS_DEPLOYMENT_TARGET = 18.0;
				LD_RUNPATH_SEARCH_PATHS = (
					"$(inherited)",
					"@executable_path/Frameworks",
				);
				MARKETING_VERSION = 1.0;
				PRODUCT_BUNDLE_IDENTIFIER = com.bradyv.Peapod.Debug;
				PRODUCT_NAME = "$(TARGET_NAME)";
				PROVISIONING_PROFILE_SPECIFIER = "";
				SWIFT_EMIT_LOC_STRINGS = YES;
				SWIFT_VERSION = 5.0;
				TARGETED_DEVICE_FAMILY = "1,2";
			};
			name = Debug;
		};
		23599E562D9B895D00F2DE3B /* Release */ = {
			isa = XCBuildConfiguration;
			buildSettings = {
				ASSETCATALOG_COMPILER_APPICON_NAME = AppIcon;
				ASSETCATALOG_COMPILER_GLOBAL_ACCENT_COLOR_NAME = AccentColor;
				ASSETCATALOG_COMPILER_INCLUDE_ALL_APPICON_ASSETS = YES;
				CODE_SIGN_ENTITLEMENTS = PeapodApp/PeapodApp.entitlements;
				CODE_SIGN_IDENTITY = "Apple Development";
				CODE_SIGN_STYLE = Automatic;
				CURRENT_PROJECT_VERSION = 52;
				DEVELOPMENT_ASSET_PATHS = "\"PeapodApp/Preview Content\"";
				ENABLE_PREVIEWS = YES;
				GENERATE_INFOPLIST_FILE = YES;
				INFOPLIST_FILE = PeapodApp/Info.plist;
				INFOPLIST_KEY_CFBundleDisplayName = Peapod;
				INFOPLIST_KEY_LSApplicationCategoryType = "public.app-category.entertainment";
				INFOPLIST_KEY_UIApplicationSceneManifest_Generation = YES;
				INFOPLIST_KEY_UIApplicationSupportsIndirectInputEvents = YES;
				INFOPLIST_KEY_UILaunchScreen_Generation = YES;
				INFOPLIST_KEY_UILaunchStoryboardName = "Launch Screen";
				INFOPLIST_KEY_UISupportedInterfaceOrientations_iPad = "UIInterfaceOrientationPortrait UIInterfaceOrientationPortraitUpsideDown UIInterfaceOrientationLandscapeLeft UIInterfaceOrientationLandscapeRight";
				INFOPLIST_KEY_UISupportedInterfaceOrientations_iPhone = "UIInterfaceOrientationPortrait UIInterfaceOrientationLandscapeLeft UIInterfaceOrientationLandscapeRight";
				IPHONEOS_DEPLOYMENT_TARGET = 18.0;
				LD_RUNPATH_SEARCH_PATHS = (
					"$(inherited)",
					"@executable_path/Frameworks",
				);
				MARKETING_VERSION = 1.0;
				PRODUCT_BUNDLE_IDENTIFIER = com.bradyv.Peapod.Dev;
				PRODUCT_NAME = "$(TARGET_NAME)";
				PROVISIONING_PROFILE_SPECIFIER = "";
				SWIFT_EMIT_LOC_STRINGS = YES;
				SWIFT_VERSION = 5.0;
				TARGETED_DEVICE_FAMILY = "1,2";
			};
			name = Release;
		};
		23599E582D9B895D00F2DE3B /* Debug */ = {
			isa = XCBuildConfiguration;
			buildSettings = {
				BUNDLE_LOADER = "$(TEST_HOST)";
				CODE_SIGN_STYLE = Automatic;
				CURRENT_PROJECT_VERSION = 1;
				GENERATE_INFOPLIST_FILE = YES;
				IPHONEOS_DEPLOYMENT_TARGET = 18.2;
				MARKETING_VERSION = 1.0;
				PRODUCT_BUNDLE_IDENTIFIER = com.bradyv.PeapodAppTests;
				PRODUCT_NAME = "$(TARGET_NAME)";
				SWIFT_EMIT_LOC_STRINGS = NO;
				SWIFT_VERSION = 5.0;
				TARGETED_DEVICE_FAMILY = "1,2";
				TEST_HOST = "$(BUILT_PRODUCTS_DIR)/PeapodApp.app/$(BUNDLE_EXECUTABLE_FOLDER_PATH)/PeapodApp";
			};
			name = Debug;
		};
		23599E592D9B895D00F2DE3B /* Release */ = {
			isa = XCBuildConfiguration;
			buildSettings = {
				BUNDLE_LOADER = "$(TEST_HOST)";
				CODE_SIGN_STYLE = Automatic;
				CURRENT_PROJECT_VERSION = 1;
				GENERATE_INFOPLIST_FILE = YES;
				IPHONEOS_DEPLOYMENT_TARGET = 18.2;
				MARKETING_VERSION = 1.0;
				PRODUCT_BUNDLE_IDENTIFIER = com.bradyv.PeapodAppTests;
				PRODUCT_NAME = "$(TARGET_NAME)";
				SWIFT_EMIT_LOC_STRINGS = NO;
				SWIFT_VERSION = 5.0;
				TARGETED_DEVICE_FAMILY = "1,2";
				TEST_HOST = "$(BUILT_PRODUCTS_DIR)/PeapodApp.app/$(BUNDLE_EXECUTABLE_FOLDER_PATH)/PeapodApp";
			};
			name = Release;
		};
		23599E5B2D9B895D00F2DE3B /* Debug */ = {
			isa = XCBuildConfiguration;
			buildSettings = {
				CODE_SIGN_STYLE = Automatic;
				CURRENT_PROJECT_VERSION = 1;
				GENERATE_INFOPLIST_FILE = YES;
				MARKETING_VERSION = 1.0;
				PRODUCT_BUNDLE_IDENTIFIER = com.bradyv.PeapodAppUITests;
				PRODUCT_NAME = "$(TARGET_NAME)";
				SWIFT_EMIT_LOC_STRINGS = NO;
				SWIFT_VERSION = 5.0;
				TARGETED_DEVICE_FAMILY = "1,2";
				TEST_TARGET_NAME = PeapodApp;
			};
			name = Debug;
		};
		23599E5C2D9B895D00F2DE3B /* Release */ = {
			isa = XCBuildConfiguration;
			buildSettings = {
				CODE_SIGN_STYLE = Automatic;
				CURRENT_PROJECT_VERSION = 1;
				GENERATE_INFOPLIST_FILE = YES;
				MARKETING_VERSION = 1.0;
				PRODUCT_BUNDLE_IDENTIFIER = com.bradyv.PeapodAppUITests;
				PRODUCT_NAME = "$(TARGET_NAME)";
				SWIFT_EMIT_LOC_STRINGS = NO;
				SWIFT_VERSION = 5.0;
				TARGETED_DEVICE_FAMILY = "1,2";
				TEST_TARGET_NAME = PeapodApp;
			};
			name = Release;
		};
		239EFBA22DE285950036D6F3 /* Debug */ = {
			isa = XCBuildConfiguration;
			buildSettings = {
				CODE_SIGN_IDENTITY = "Apple Development";
				CODE_SIGN_STYLE = Automatic;
				CURRENT_PROJECT_VERSION = 1;
				GENERATE_INFOPLIST_FILE = YES;
				INFOPLIST_FILE = NotificationServiceExtension/Info.plist;
				INFOPLIST_KEY_CFBundleDisplayName = NotificationServiceExtension;
				INFOPLIST_KEY_NSHumanReadableCopyright = "";
				IPHONEOS_DEPLOYMENT_TARGET = 18.4;
				LD_RUNPATH_SEARCH_PATHS = (
					"$(inherited)",
					"@executable_path/Frameworks",
					"@executable_path/../../Frameworks",
				);
				MARKETING_VERSION = 1.0;
				PRODUCT_BUNDLE_IDENTIFIER = com.bradyv.Peapod.Debug.NotificationServiceExtension;
				PRODUCT_NAME = "$(TARGET_NAME)";
				SKIP_INSTALL = YES;
				SWIFT_EMIT_LOC_STRINGS = YES;
				SWIFT_VERSION = 5.0;
				TARGETED_DEVICE_FAMILY = "1,2";
			};
			name = Debug;
		};
		239EFBA32DE285950036D6F3 /* Release */ = {
			isa = XCBuildConfiguration;
			buildSettings = {
				CODE_SIGN_IDENTITY = "Apple Development";
				CODE_SIGN_STYLE = Automatic;
				CURRENT_PROJECT_VERSION = 1;
				GENERATE_INFOPLIST_FILE = YES;
				INFOPLIST_FILE = NotificationServiceExtension/Info.plist;
				INFOPLIST_KEY_CFBundleDisplayName = NotificationServiceExtension;
				INFOPLIST_KEY_NSHumanReadableCopyright = "";
				IPHONEOS_DEPLOYMENT_TARGET = 18.4;
				LD_RUNPATH_SEARCH_PATHS = (
					"$(inherited)",
					"@executable_path/Frameworks",
					"@executable_path/../../Frameworks",
				);
				MARKETING_VERSION = 1.0;
				PRODUCT_BUNDLE_IDENTIFIER = com.bradyv.Peapod.Dev.NotificationServiceExtension;
				PRODUCT_NAME = "$(TARGET_NAME)";
				SKIP_INSTALL = YES;
				SWIFT_EMIT_LOC_STRINGS = YES;
				SWIFT_VERSION = 5.0;
				TARGETED_DEVICE_FAMILY = "1,2";
			};
			name = Release;
		};
/* End XCBuildConfiguration section */

/* Begin XCConfigurationList section */
		23599E262D9B895C00F2DE3B /* Build configuration list for PBXProject "PeapodApp" */ = {
			isa = XCConfigurationList;
			buildConfigurations = (
				23599E522D9B895D00F2DE3B /* Debug */,
				23599E532D9B895D00F2DE3B /* Release */,
			);
			defaultConfigurationIsVisible = 0;
			defaultConfigurationName = Release;
		};
		23599E542D9B895D00F2DE3B /* Build configuration list for PBXNativeTarget "PeapodApp" */ = {
			isa = XCConfigurationList;
			buildConfigurations = (
				23599E552D9B895D00F2DE3B /* Debug */,
				23599E562D9B895D00F2DE3B /* Release */,
			);
			defaultConfigurationIsVisible = 0;
			defaultConfigurationName = Release;
		};
		23599E572D9B895D00F2DE3B /* Build configuration list for PBXNativeTarget "PeapodAppTests" */ = {
			isa = XCConfigurationList;
			buildConfigurations = (
				23599E582D9B895D00F2DE3B /* Debug */,
				23599E592D9B895D00F2DE3B /* Release */,
			);
			defaultConfigurationIsVisible = 0;
			defaultConfigurationName = Release;
		};
		23599E5A2D9B895D00F2DE3B /* Build configuration list for PBXNativeTarget "PeapodAppUITests" */ = {
			isa = XCConfigurationList;
			buildConfigurations = (
				23599E5B2D9B895D00F2DE3B /* Debug */,
				23599E5C2D9B895D00F2DE3B /* Release */,
			);
			defaultConfigurationIsVisible = 0;
			defaultConfigurationName = Release;
		};
		239EFBA12DE285950036D6F3 /* Build configuration list for PBXNativeTarget "NotificationServiceExtension" */ = {
			isa = XCConfigurationList;
			buildConfigurations = (
				239EFBA22DE285950036D6F3 /* Debug */,
				239EFBA32DE285950036D6F3 /* Release */,
			);
			defaultConfigurationIsVisible = 0;
			defaultConfigurationName = Release;
		};
/* End XCConfigurationList section */

/* Begin XCRemoteSwiftPackageReference section */
		233607B92E047BA300C405CE /* XCRemoteSwiftPackageReference "lottie-spm" */ = {
			isa = XCRemoteSwiftPackageReference;
			repositoryURL = "https://github.com/airbnb/lottie-spm.git";
			requirement = {
				kind = upToNextMajorVersion;
				minimumVersion = 4.5.2;
			};
		};
		2351F7422DC184B1007BE99C /* XCRemoteSwiftPackageReference "rive-ios" */ = {
			isa = XCRemoteSwiftPackageReference;
			repositoryURL = "https://github.com/rive-app/rive-ios";
			requirement = {
				kind = upToNextMajorVersion;
				minimumVersion = 6.8.1;
			};
		};
		2354DD2E2DA88952007348BC /* XCRemoteSwiftPackageReference "ColorThiefSwift" */ = {
			isa = XCRemoteSwiftPackageReference;
			repositoryURL = "https://github.com/yamoridon/ColorThiefSwift";
			requirement = {
				kind = upToNextMajorVersion;
				minimumVersion = 0.5.0;
			};
		};
		2354DD312DA8895E007348BC /* XCRemoteSwiftPackageReference "SwiftSoup" */ = {
			isa = XCRemoteSwiftPackageReference;
			repositoryURL = "https://github.com/scinfu/SwiftSoup.git";
			requirement = {
				kind = upToNextMajorVersion;
				minimumVersion = 2.8.7;
			};
		};
		2354DD342DA88968007348BC /* XCRemoteSwiftPackageReference "Kingfisher" */ = {
			isa = XCRemoteSwiftPackageReference;
			repositoryURL = "https://github.com/onevcat/Kingfisher.git";
			requirement = {
				kind = upToNextMajorVersion;
				minimumVersion = 8.3.2;
			};
		};
		2354DD3A2DA889BA007348BC /* XCRemoteSwiftPackageReference "FeedKit" */ = {
			isa = XCRemoteSwiftPackageReference;
			repositoryURL = "https://github.com/nmdias/FeedKit";
			requirement = {
				kind = upToNextMajorVersion;
				minimumVersion = 9.1.2;
			};
		};
		2390ABFF2DE8C7C100487751 /* XCRemoteSwiftPackageReference "SmoothGradient" */ = {
			isa = XCRemoteSwiftPackageReference;
			repositoryURL = "https://github.com/raymondjavaxx/SmoothGradient.git";
			requirement = {
				kind = upToNextMajorVersion;
				minimumVersion = 1.0.0;
			};
		};
		239EFB8B2DE2607A0036D6F3 /* XCRemoteSwiftPackageReference "firebase-ios-sdk" */ = {
			isa = XCRemoteSwiftPackageReference;
			repositoryURL = "https://github.com/firebase/firebase-ios-sdk";
			requirement = {
				kind = upToNextMajorVersion;
				minimumVersion = 11.13.0;
			};
		};
/* End XCRemoteSwiftPackageReference section */

/* Begin XCSwiftPackageProductDependency section */
		233607BA2E047BA300C405CE /* Lottie */ = {
			isa = XCSwiftPackageProductDependency;
			package = 233607B92E047BA300C405CE /* XCRemoteSwiftPackageReference "lottie-spm" */;
			productName = Lottie;
		};
		2351F7432DC184B1007BE99C /* RiveRuntime */ = {
			isa = XCSwiftPackageProductDependency;
			package = 2351F7422DC184B1007BE99C /* XCRemoteSwiftPackageReference "rive-ios" */;
			productName = RiveRuntime;
		};
		2354DD2F2DA88952007348BC /* ColorThiefSwift */ = {
			isa = XCSwiftPackageProductDependency;
			package = 2354DD2E2DA88952007348BC /* XCRemoteSwiftPackageReference "ColorThiefSwift" */;
			productName = ColorThiefSwift;
		};
		2354DD322DA8895E007348BC /* SwiftSoup */ = {
			isa = XCSwiftPackageProductDependency;
			package = 2354DD312DA8895E007348BC /* XCRemoteSwiftPackageReference "SwiftSoup" */;
			productName = SwiftSoup;
		};
		2354DD352DA88968007348BC /* Kingfisher */ = {
			isa = XCSwiftPackageProductDependency;
			package = 2354DD342DA88968007348BC /* XCRemoteSwiftPackageReference "Kingfisher" */;
			productName = Kingfisher;
		};
		2354DD3B2DA889BA007348BC /* FeedKit */ = {
			isa = XCSwiftPackageProductDependency;
			package = 2354DD3A2DA889BA007348BC /* XCRemoteSwiftPackageReference "FeedKit" */;
			productName = FeedKit;
		};
		2390AC002DE8C7C100487751 /* SmoothGradient */ = {
			isa = XCSwiftPackageProductDependency;
			package = 2390ABFF2DE8C7C100487751 /* XCRemoteSwiftPackageReference "SmoothGradient" */;
			productName = SmoothGradient;
		};
		239EFB8C2DE2607A0036D6F3 /* FirebaseMessaging */ = {
			isa = XCSwiftPackageProductDependency;
			package = 239EFB8B2DE2607A0036D6F3 /* XCRemoteSwiftPackageReference "firebase-ios-sdk" */;
			productName = FirebaseMessaging;
		};
		239EFB932DE26AE20036D6F3 /* FirebaseFunctions */ = {
			isa = XCSwiftPackageProductDependency;
			package = 239EFB8B2DE2607A0036D6F3 /* XCRemoteSwiftPackageReference "firebase-ios-sdk" */;
			productName = FirebaseFunctions;
		};
		239EFDEE2DE2D4340036D6F3 /* FirebaseMessaging */ = {
			isa = XCSwiftPackageProductDependency;
			package = 239EFB8B2DE2607A0036D6F3 /* XCRemoteSwiftPackageReference "firebase-ios-sdk" */;
			productName = FirebaseMessaging;
		};
/* End XCSwiftPackageProductDependency section */
	};
	rootObject = 23599E232D9B895C00F2DE3B /* Project object */;
}
